
Microsoft Visual Studio Solution File, Format Version 12.00
# Visual Studio Version 17
VisualStudioVersion = 17.5.33516.290
MinimumVisualStudioVersion = 10.0.40219.1
Project("{FAE04EC0-301F-11D3-BF4B-00C04F79EFBC}") = "Laboratorio03.Android", "Laboratorio03\Laboratorio03.Android\Laboratorio03.Android.csproj", "{15429634-F246-457D-A7F4-6E1BB8E1B953}"
EndProject
Project("{FAE04EC0-301F-11D3-BF4B-00C04F79EFBC}") = "Laboratorio03.iOS", "Laboratorio03\Laboratorio03.iOS\Laboratorio03.iOS.csproj", "{A16C771D-A834-4848-AA40-6CBD46D26066}"
EndProject
Project("{FAE04EC0-301F-11D3-BF4B-00C04F79EFBC}") = "Laboratorio03", "Laboratorio03\Laboratorio03\Laboratorio03.csproj", "{8D6C9185-B244-4E14-9013-84290D0313B7}"
EndProject
Global
	GlobalSection(SolutionConfigurationPlatforms) = preSolution
		Debug|Any CPU = Debug|Any CPU
		Debug|iPhone = Debug|iPhone
		Debug|iPhoneSimulator = Debug|iPhoneSimulator
		Release|Any CPU = Release|Any CPU
		Release|iPhone = Release|iPhone
		Release|iPhoneSimulator = Release|iPhoneSimulator
	EndGlobalSection
	GlobalSection(ProjectConfigurationPlatforms) = postSolution
		{15429634-F246-457D-A7F4-6E1BB8E1B953}.Debug|Any CPU.ActiveCfg = Debug|Any CPU
		{15429634-F246-457D-A7F4-6E1BB8E1B953}.Debug|Any CPU.Build.0 = Debug|Any CPU
		{15429634-F246-457D-A7F4-6E1BB8E1B953}.Debug|Any CPU.Deploy.0 = Debug|Any CPU
		{15429634-F246-457D-A7F4-6E1BB8E1B953}.Debug|iPhone.ActiveCfg = Debug|Any CPU
		{15429634-F246-457D-A7F4-6E1BB8E1B953}.Debug|iPhone.Build.0 = Debug|Any CPU
		{15429634-F246-457D-A7F4-6E1BB8E1B953}.Debug|iPhone.Deploy.0 = Debug|Any CPU
		{15429634-F246-457D-A7F4-6E1BB8E1B953}.Debug|iPhoneSimulator.ActiveCfg = Debug|Any CPU
		{15429634-F246-457D-A7F4-6E1BB8E1B953}.Debug|iPhoneSimulator.Build.0 = Debug|Any CPU
		{15429634-F246-457D-A7F4-6E1BB8E1B953}.Debug|iPhoneSimulator.Deploy.0 = Debug|Any CPU
		{15429634-F246-457D-A7F4-6E1BB8E1B953}.Release|Any CPU.ActiveCfg = Release|Any CPU
		{15429634-F246-457D-A7F4-6E1BB8E1B953}.Release|Any CPU.Build.0 = Release|Any CPU
		{15429634-F246-457D-A7F4-6E1BB8E1B953}.Release|Any CPU.Deploy.0 = Release|Any CPU
		{15429634-F246-457D-A7F4-6E1BB8E1B953}.Release|iPhone.ActiveCfg = Release|Any CPU
		{15429634-F246-457D-A7F4-6E1BB8E1B953}.Release|iPhone.Build.0 = Release|Any CPU
		{15429634-F246-457D-A7F4-6E1BB8E1B953}.Release|iPhone.Deploy.0 = Release|Any CPU
		{15429634-F246-457D-A7F4-6E1BB8E1B953}.Release|iPhoneSimulator.ActiveCfg = Release|Any CPU
		{15429634-F246-457D-A7F4-6E1BB8E1B953}.Release|iPhoneSimulator.Build.0 = Release|Any CPU
		{15429634-F246-457D-A7F4-6E1BB8E1B953}.Release|iPhoneSimulator.Deploy.0 = Release|Any CPU
		{A16C771D-A834-4848-AA40-6CBD46D26066}.Debug|Any CPU.ActiveCfg = Debug|iPhone
		{A16C771D-A834-4848-AA40-6CBD46D26066}.Debug|Any CPU.Build.0 = Debug|iPhone
		{A16C771D-A834-4848-AA40-6CBD46D26066}.Debug|Any CPU.Deploy.0 = Debug|iPhone
		{A16C771D-A834-4848-AA40-6CBD46D26066}.Debug|iPhone.ActiveCfg = Debug|iPhone
		{A16C771D-A834-4848-AA40-6CBD46D26066}.Debug|iPhone.Build.0 = Debug|iPhone
		{A16C771D-A834-4848-AA40-6CBD46D26066}.Debug|iPhone.Deploy.0 = Debug|iPhone
		{A16C771D-A834-4848-AA40-6CBD46D26066}.Debug|iPhoneSimulator.ActiveCfg = Debug|iPhoneSimulator
		{A16C771D-A834-4848-AA40-6CBD46D26066}.Debug|iPhoneSimulator.Build.0 = Debug|iPhoneSimulator
		{A16C771D-A834-4848-AA40-6CBD46D26066}.Debug|iPhoneSimulator.Deploy.0 = Debug|iPhoneSimulator
		{A16C771D-A834-4848-AA40-6CBD46D26066}.Release|Any CPU.ActiveCfg = Release|iPhoneSimulator
		{A16C771D-A834-4848-AA40-6CBD46D26066}.Release|Any CPU.Build.0 = Release|iPhoneSimulator
		{A16C771D-A834-4848-AA40-6CBD46D26066}.Release|Any CPU.Deploy.0 = Release|iPhoneSimulator
		{A16C771D-A834-4848-AA40-6CBD46D26066}.Release|iPhone.ActiveCfg = Release|iPhone
		{A16C771D-A834-4848-AA40-6CBD46D26066}.Release|iPhone.Build.0 = Release|iPhone
		{A16C771D-A834-4848-AA40-6CBD46D26066}.Release|iPhone.Deploy.0 = Release|iPhone
		{A16C771D-A834-4848-AA40-6CBD46D26066}.Release|iPhoneSimulator.ActiveCfg = Release|iPhoneSimulator
		{A16C771D-A834-4848-AA40-6CBD46D26066}.Release|iPhoneSimulator.Build.0 = Release|iPhoneSimulator
		{A16C771D-A834-4848-AA40-6CBD46D26066}.Release|iPhoneSimulator.Deploy.0 = Release|iPhoneSimulator
		{8D6C9185-B244-4E14-9013-84290D0313B7}.Debug|Any CPU.ActiveCfg = Debug|Any CPU
		{8D6C9185-B244-4E14-9013-84290D0313B7}.Debug|Any CPU.Build.0 = Debug|Any CPU
		{8D6C9185-B244-4E14-9013-84290D0313B7}.Debug|Any CPU.Deploy.0 = Debug|Any CPU
		{8D6C9185-B244-4E14-9013-84290D0313B7}.Debug|iPhone.ActiveCfg = Debug|Any CPU
		{8D6C9185-B244-4E14-9013-84290D0313B7}.Debug|iPhone.Build.0 = Debug|Any CPU
		{8D6C9185-B244-4E14-9013-84290D0313B7}.Debug|iPhone.Deploy.0 = Debug|Any CPU
		{8D6C9185-B244-4E14-9013-84290D0313B7}.Debug|iPhoneSimulator.ActiveCfg = Debug|Any CPU
		{8D6C9185-B244-4E14-9013-84290D0313B7}.Debug|iPhoneSimulator.Build.0 = Debug|Any CPU
		{8D6C9185-B244-4E14-9013-84290D0313B7}.Debug|iPhoneSimulator.Deploy.0 = Debug|Any CPU
		{8D6C9185-B244-4E14-9013-84290D0313B7}.Release|Any CPU.ActiveCfg = Release|Any CPU
		{8D6C9185-B244-4E14-9013-84290D0313B7}.Release|Any CPU.Build.0 = Release|Any CPU
		{8D6C9185-B244-4E14-9013-84290D0313B7}.Release|Any CPU.Deploy.0 = Release|Any CPU
		{8D6C9185-B244-4E14-9013-84290D0313B7}.Release|iPhone.ActiveCfg = Release|Any CPU
		{8D6C9185-B244-4E14-9013-84290D0313B7}.Release|iPhone.Build.0 = Release|Any CPU
		{8D6C9185-B244-4E14-9013-84290D0313B7}.Release|iPhone.Deploy.0 = Release|Any CPU
		{8D6C9185-B244-4E14-9013-84290D0313B7}.Release|iPhoneSimulator.ActiveCfg = Release|Any CPU
		{8D6C9185-B244-4E14-9013-84290D0313B7}.Release|iPhoneSimulator.Build.0 = Release|Any CPU
		{8D6C9185-B244-4E14-9013-84290D0313B7}.Release|iPhoneSimulator.Deploy.0 = Release|Any CPU
	EndGlobalSection
	GlobalSection(SolutionProperties) = preSolution
		HideSolutionNode = FALSE
	EndGlobalSection
	GlobalSection(ExtensibilityGlobals) = postSolution
		SolutionGuid = {80D3CB8D-754D-4291-AC1E-132887C4B6E2}
	EndGlobalSection
EndGlobal
